
Microsoft Visual Studio Solution File, Format Version 12.00
# Visual Studio Version 17
VisualStudioVersion = 17.3.32819.101
MinimumVisualStudioVersion = 10.0.40219.1
Project("{803FD0C6-D64E-4E16-9DC3-1DAEC859A3D2}") = "LinuxProject3", "LinuxProject3.vgdbcmake", "{623C6726-2FFE-4DBE-9397-1947E7E8F557}"
EndProject
Global
	GlobalSection(SolutionConfigurationPlatforms) = preSolution
		Debug|VisualGDB = Debug|VisualGDB
		MinSizeRel|VisualGDB = MinSizeRel|VisualGDB
		Release|VisualGDB = Release|VisualGDB
		RelWithDebInfo|VisualGDB = RelWithDebInfo|VisualGDB
	EndGlobalSection
	GlobalSection(ProjectConfigurationPlatforms) = postSolution
		{623C6726-2FFE-4DBE-9397-1947E7E8F557}.Debug|VisualGDB.ActiveCfg = Debug|VisualGDB
		{623C6726-2FFE-4DBE-9397-1947E7E8F557}.Debug|VisualGDB.Build.0 = Debug|VisualGDB
		{623C6726-2FFE-4DBE-9397-1947E7E8F557}.MinSizeRel|VisualGDB.ActiveCfg = MinSizeRel|VisualGDB
		{623C6726-2FFE-4DBE-9397-1947E7E8F557}.MinSizeRel|VisualGDB.Build.0 = MinSizeRel|VisualGDB
		{623C6726-2FFE-4DBE-9397-1947E7E8F557}.Release|VisualGDB.ActiveCfg = Release|VisualGDB
		{623C6726-2FFE-4DBE-9397-1947E7E8F557}.Release|VisualGDB.Build.0 = Release|VisualGDB
		{623C6726-2FFE-4DBE-9397-1947E7E8F557}.RelWithDebInfo|VisualGDB.ActiveCfg = RelWithDebInfo|VisualGDB
		{623C6726-2FFE-4DBE-9397-1947E7E8F557}.RelWithDebInfo|VisualGDB.Build.0 = RelWithDebInfo|VisualGDB
	EndGlobalSection
	GlobalSection(SolutionProperties) = preSolution
		HideSolutionNode = FALSE
	EndGlobalSection
	GlobalSection(ExtensibilityGlobals) = postSolution
		SolutionGuid = {93809089-690B-4A22-AA23-C7DB719018F2}
	EndGlobalSection
EndGlobal
